// !$*UTF8*$!
{
	archiveVersion = 1;
	classes = {
	};
	objectVersion = 50;
	objects = {

/* Begin PBXBuildFile section */
		152ACAB7246C33A80010A209 /* ViewController.swift in Sources */ = {isa = PBXBuildFile; fileRef = 152ACAB6246C33A80010A209 /* ViewController.swift */; };
		152ACAB92471792F0010A209 /* BannerFlowLayout.swift in Sources */ = {isa = PBXBuildFile; fileRef = 152ACAB82471792F0010A209 /* BannerFlowLayout.swift */; };
		1598FC152469A8CD00A5196C /* AppDelegate.swift in Sources */ = {isa = PBXBuildFile; fileRef = 1598FC142469A8CD00A5196C /* AppDelegate.swift */; };
		1598FC172469A8CD00A5196C /* SceneDelegate.swift in Sources */ = {isa = PBXBuildFile; fileRef = 1598FC162469A8CD00A5196C /* SceneDelegate.swift */; };
		1598FC192469A8CD00A5196C /* ViewController2.swift in Sources */ = {isa = PBXBuildFile; fileRef = 1598FC182469A8CD00A5196C /* ViewController2.swift */; };
		1598FC1C2469A8CD00A5196C /* Main.storyboard in Resources */ = {isa = PBXBuildFile; fileRef = 1598FC1A2469A8CD00A5196C /* Main.storyboard */; };
		1598FC1E2469A8CE00A5196C /* Assets.xcassets in Resources */ = {isa = PBXBuildFile; fileRef = 1598FC1D2469A8CE00A5196C /* Assets.xcassets */; };
		1598FC212469A8CE00A5196C /* LaunchScreen.storyboard in Resources */ = {isa = PBXBuildFile; fileRef = 1598FC1F2469A8CE00A5196C /* LaunchScreen.storyboard */; };
		1598FC2C2469A8CE00A5196C /* DemoTests.swift in Sources */ = {isa = PBXBuildFile; fileRef = 1598FC2B2469A8CE00A5196C /* DemoTests.swift */; };
		1598FC372469A8CE00A5196C /* DemoUITests.swift in Sources */ = {isa = PBXBuildFile; fileRef = 1598FC362469A8CE00A5196C /* DemoUITests.swift */; };
/* End PBXBuildFile section */

/* Begin PBXContainerItemProxy section */
		1598FC282469A8CE00A5196C /* PBXContainerItemProxy */ = {
			isa = PBXContainerItemProxy;
			containerPortal = 1598FC092469A8CD00A5196C /* Project object */;
			proxyType = 1;
			remoteGlobalIDString = 1598FC102469A8CD00A5196C;
			remoteInfo = Demo;
		};
		1598FC332469A8CE00A5196C /* PBXContainerItemProxy */ = {
			isa = PBXContainerItemProxy;
			containerPortal = 1598FC092469A8CD00A5196C /* Project object */;
			proxyType = 1;
			remoteGlobalIDString = 1598FC102469A8CD00A5196C;
			remoteInfo = Demo;
		};
/* End PBXContainerItemProxy section */

/* Begin PBXFileReference section */
		152ACAB6246C33A80010A209 /* ViewController.swift */ = {isa = PBXFileReference; lastKnownFileType = sourcecode.swift; path = ViewController.swift; sourceTree = "<group>"; };
		152ACAB82471792F0010A209 /* BannerFlowLayout.swift */ = {isa = PBXFileReference; lastKnownFileType = sourcecode.swift; path = BannerFlowLayout.swift; sourceTree = "<group>"; };
		1598FC112469A8CD00A5196C /* Demo.app */ = {isa = PBXFileReference; explicitFileType = wrapper.application; includeInIndex = 0; path = Demo.app; sourceTree = BUILT_PRODUCTS_DIR; };
		1598FC142469A8CD00A5196C /* AppDelegate.swift */ = {isa = PBXFileReference; lastKnownFileType = sourcecode.swift; path = AppDelegate.swift; sourceTree = "<group>"; };
		1598FC162469A8CD00A5196C /* SceneDelegate.swift */ = {isa = PBXFileReference; lastKnownFileType = sourcecode.swift; path = SceneDelegate.swift; sourceTree = "<group>"; };
		1598FC182469A8CD00A5196C /* ViewController2.swift */ = {isa = PBXFileReference; lastKnownFileType = sourcecode.swift; path = ViewController2.swift; sourceTree = "<group>"; };
		1598FC1B2469A8CD00A5196C /* Base */ = {isa = PBXFileReference; lastKnownFileType = file.storyboard; name = Base; path = Base.lproj/Main.storyboard; sourceTree = "<group>"; };
		1598FC1D2469A8CE00A5196C /* Assets.xcassets */ = {isa = PBXFileReference; lastKnownFileType = folder.assetcatalog; path = Assets.xcassets; sourceTree = "<group>"; };
		1598FC202469A8CE00A5196C /* Base */ = {isa = PBXFileReference; lastKnownFileType = file.storyboard; name = Base; path = Base.lproj/LaunchScreen.storyboard; sourceTree = "<group>"; };
		1598FC222469A8CE00A5196C /* Info.plist */ = {isa = PBXFileReference; lastKnownFileType = text.plist.xml; path = Info.plist; sourceTree = "<group>"; };
		1598FC272469A8CE00A5196C /* DemoTests.xctest */ = {isa = PBXFileReference; explicitFileType = wrapper.cfbundle; includeInIndex = 0; path = DemoTests.xctest; sourceTree = BUILT_PRODUCTS_DIR; };
		1598FC2B2469A8CE00A5196C /* DemoTests.swift */ = {isa = PBXFileReference; lastKnownFileType = sourcecode.swift; path = DemoTests.swift; sourceTree = "<group>"; };
		1598FC2D2469A8CE00A5196C /* Info.plist */ = {isa = PBXFileReference; lastKnownFileType = text.plist.xml; path = Info.plist; sourceTree = "<group>"; };
		1598FC322469A8CE00A5196C /* DemoUITests.xctest */ = {isa = PBXFileReference; explicitFileType = wrapper.cfbundle; includeInIndex = 0; path = DemoUITests.xctest; sourceTree = BUILT_PRODUCTS_DIR; };
		1598FC362469A8CE00A5196C /* DemoUITests.swift */ = {isa = PBXFileReference; lastKnownFileType = sourcecode.swift; path = DemoUITests.swift; sourceTree = "<group>"; };
		1598FC382469A8CE00A5196C /* Info.plist */ = {isa = PBXFileReference; lastKnownFileType = text.plist.xml; path = Info.plist; sourceTree = "<group>"; };
		1598FC442469B9F400A5196C /* Demo-Bridging-Header.h */ = {isa = PBXFileReference; lastKnownFileType = sourcecode.c.h; path = "Demo-Bridging-Header.h"; sourceTree = "<group>"; };
/* End PBXFileReference section */

/* Begin PBXFrameworksBuildPhase section */
		1598FC0E2469A8CD00A5196C /* Frameworks */ = {
			isa = PBXFrameworksBuildPhase;
			buildActionMask = 2147483647;
			files = (
			);
			runOnlyForDeploymentPostprocessing = 0;
		};
		1598FC242469A8CE00A5196C /* Frameworks */ = {
			isa = PBXFrameworksBuildPhase;
			buildActionMask = 2147483647;
			files = (
			);
			runOnlyForDeploymentPostprocessing = 0;
		};
		1598FC2F2469A8CE00A5196C /* Frameworks */ = {
			isa = PBXFrameworksBuildPhase;
			buildActionMask = 2147483647;
			files = (
			);
			runOnlyForDeploymentPostprocessing = 0;
		};
/* End PBXFrameworksBuildPhase section */

/* Begin PBXGroup section */
		1598FC082469A8CD00A5196C = {
			isa = PBXGroup;
			children = (
				1598FC132469A8CD00A5196C /* Demo */,
				1598FC2A2469A8CE00A5196C /* DemoTests */,
				1598FC352469A8CE00A5196C /* DemoUITests */,
				1598FC122469A8CD00A5196C /* Products */,
			);
			sourceTree = "<group>";
		};
		1598FC122469A8CD00A5196C /* Products */ = {
			isa = PBXGroup;
			children = (
				1598FC112469A8CD00A5196C /* Demo.app */,
				1598FC272469A8CE00A5196C /* DemoTests.xctest */,
				1598FC322469A8CE00A5196C /* DemoUITests.xctest */,
			);
			name = Products;
			sourceTree = "<group>";
		};
		1598FC132469A8CD00A5196C /* Demo */ = {
			isa = PBXGroup;
			children = (
				1598FC142469A8CD00A5196C /* AppDelegate.swift */,
				1598FC162469A8CD00A5196C /* SceneDelegate.swift */,
				1598FC182469A8CD00A5196C /* ViewController2.swift */,
				152ACAB6246C33A80010A209 /* ViewController.swift */,
				152ACAB82471792F0010A209 /* BannerFlowLayout.swift */,
				1598FC1A2469A8CD00A5196C /* Main.storyboard */,
				1598FC1D2469A8CE00A5196C /* Assets.xcassets */,
				1598FC1F2469A8CE00A5196C /* LaunchScreen.storyboard */,
				1598FC222469A8CE00A5196C /* Info.plist */,
				1598FC442469B9F400A5196C /* Demo-Bridging-Header.h */,
			);
			path = Demo;
			sourceTree = "<group>";
		};
		1598FC2A2469A8CE00A5196C /* DemoTests */ = {
			isa = PBXGroup;
			children = (
				1598FC2B2469A8CE00A5196C /* DemoTests.swift */,
				1598FC2D2469A8CE00A5196C /* Info.plist */,
			);
			path = DemoTests;
			sourceTree = "<group>";
		};
		1598FC352469A8CE00A5196C /* DemoUITests */ = {
			isa = PBXGroup;
			children = (
				1598FC362469A8CE00A5196C /* DemoUITests.swift */,
				1598FC382469A8CE00A5196C /* Info.plist */,
			);
			path = DemoUITests;
			sourceTree = "<group>";
		};
/* End PBXGroup section */

/* Begin PBXNativeTarget section */
		1598FC102469A8CD00A5196C /* Demo */ = {
			isa = PBXNativeTarget;
			buildConfigurationList = 1598FC3B2469A8CE00A5196C /* Build configuration list for PBXNativeTarget "Demo" */;
			buildPhases = (
				1598FC0D2469A8CD00A5196C /* Sources */,
				1598FC0E2469A8CD00A5196C /* Frameworks */,
				1598FC0F2469A8CD00A5196C /* Resources */,
			);
			buildRules = (
			);
			dependencies = (
			);
			name = Demo;
			productName = Demo;
			productReference = 1598FC112469A8CD00A5196C /* Demo.app */;
			productType = "com.apple.product-type.application";
		};
		1598FC262469A8CE00A5196C /* DemoTests */ = {
			isa = PBXNativeTarget;
			buildConfigurationList = 1598FC3E2469A8CE00A5196C /* Build configuration list for PBXNativeTarget "DemoTests" */;
			buildPhases = (
				1598FC232469A8CE00A5196C /* Sources */,
				1598FC242469A8CE00A5196C /* Frameworks */,
				1598FC252469A8CE00A5196C /* Resources */,
			);
			buildRules = (
			);
			dependencies = (
				1598FC292469A8CE00A5196C /* PBXTargetDependency */,
			);
			name = DemoTests;
			productName = DemoTests;
			productReference = 1598FC272469A8CE00A5196C /* DemoTests.xctest */;
			productType = "com.apple.product-type.bundle.unit-test";
		};
		1598FC312469A8CE00A5196C /* DemoUITests */ = {
			isa = PBXNativeTarget;
			buildConfigurationList = 1598FC412469A8CE00A5196C /* Build configuration list for PBXNativeTarget "DemoUITests" */;
			buildPhases = (
				1598FC2E2469A8CE00A5196C /* Sources */,
				1598FC2F2469A8CE00A5196C /* Frameworks */,
				1598FC302469A8CE00A5196C /* Resources */,
			);
			buildRules = (
			);
			dependencies = (
				1598FC342469A8CE00A5196C /* PBXTargetDependency */,
			);
			name = DemoUITests;
			productName = DemoUITests;
			productReference = 1598FC322469A8CE00A5196C /* DemoUITests.xctest */;
			productType = "com.apple.product-type.bundle.ui-testing";
		};
/* End PBXNativeTarget section */

/* Begin PBXProject section */
		1598FC092469A8CD00A5196C /* Project object */ = {
			isa = PBXProject;
			attributes = {
				LastSwiftUpdateCheck = 1130;
				LastUpgradeCheck = 1130;
				ORGANIZATIONNAME = wy;
				TargetAttributes = {
					1598FC102469A8CD00A5196C = {
						CreatedOnToolsVersion = 11.3.1;
						LastSwiftMigration = 1130;
					};
					1598FC262469A8CE00A5196C = {
						CreatedOnToolsVersion = 11.3.1;
						TestTargetID = 1598FC102469A8CD00A5196C;
					};
					1598FC312469A8CE00A5196C = {
						CreatedOnToolsVersion = 11.3.1;
						TestTargetID = 1598FC102469A8CD00A5196C;
					};
				};
			};
			buildConfigurationList = 1598FC0C2469A8CD00A5196C /* Build configuration list for PBXProject "Demo" */;
			compatibilityVersion = "Xcode 9.3";
			developmentRegion = en;
			hasScannedForEncodings = 0;
			knownRegions = (
				en,
				Base,
			);
			mainGroup = 1598FC082469A8CD00A5196C;
			productRefGroup = 1598FC122469A8CD00A5196C /* Products */;
			projectDirPath = "";
			projectRoot = "";
			targets = (
				1598FC102469A8CD00A5196C /* Demo */,
				1598FC262469A8CE00A5196C /* DemoTests */,
				1598FC312469A8CE00A5196C /* DemoUITests */,
			);
		};
/* End PBXProject section */

/* Begin PBXResourcesBuildPhase section */
		1598FC0F2469A8CD00A5196C /* Resources */ = {
			isa = PBXResourcesBuildPhase;
			buildActionMask = 2147483647;
			files = (
				1598FC212469A8CE00A5196C /* LaunchScreen.storyboard in Resources */,
				1598FC1E2469A8CE00A5196C /* Assets.xcassets in Resources */,
				1598FC1C2469A8CD00A5196C /* Main.storyboard in Resources */,
			);
			runOnlyForDeploymentPostprocessing = 0;
		};
		1598FC252469A8CE00A5196C /* Resources */ = {
			isa = PBXResourcesBuildPhase;
			buildActionMask = 2147483647;
			files = (
			);
			runOnlyForDeploymentPostprocessing = 0;
		};
		1598FC302469A8CE00A5196C /* Resources */ = {
			isa = PBXResourcesBuildPhase;
			buildActionMask = 2147483647;
			files = (
			);
			runOnlyForDeploymentPostprocessing = 0;
		};
/* End PBXResourcesBuildPhase section */

/* Begin PBXSourcesBuildPhase section */
		1598FC0D2469A8CD00A5196C /* Sources */ = {
			isa = PBXSourcesBuildPhase;
			buildActionMask = 2147483647;
			files = (
				152ACAB7246C33A80010A209 /* ViewController.swift in Sources */,
				1598FC192469A8CD00A5196C /* ViewController2.swift in Sources */,
				1598FC152469A8CD00A5196C /* AppDelegate.swift in Sources */,
				1598FC172469A8CD00A5196C /* SceneDelegate.swift in Sources */,
				152ACAB92471792F0010A209 /* BannerFlowLayout.swift in Sources */,
			);
			runOnlyForDeploymentPostprocessing = 0;
		};
		1598FC232469A8CE00A5196C /* Sources */ = {
			isa = PBXSourcesBuildPhase;
			buildActionMask = 2147483647;
			files = (
				1598FC2C2469A8CE00A5196C /* DemoTests.swift in Sources */,
			);
			runOnlyForDeploymentPostprocessing = 0;
		};
		1598FC2E2469A8CE00A5196C /* Sources */ = {
			isa = PBXSourcesBuildPhase;
			buildActionMask = 2147483647;
			files = (
				1598FC372469A8CE00A5196C /* DemoUITests.swift in Sources */,
			);
			runOnlyForDeploymentPostprocessing = 0;
		};
/* End PBXSourcesBuildPhase section */

/* Begin PBXTargetDependency section */
		1598FC292469A8CE00A5196C /* PBXTargetDependency */ = {
			isa = PBXTargetDependency;
			target = 1598FC102469A8CD00A5196C /* Demo */;
			targetProxy = 1598FC282469A8CE00A5196C /* PBXContainerItemProxy */;
		};
		1598FC342469A8CE00A5196C /* PBXTargetDependency */ = {
			isa = PBXTargetDependency;
			target = 1598FC102469A8CD00A5196C /* Demo */;
			targetProxy = 1598FC332469A8CE00A5196C /* PBXContainerItemProxy */;
		};
/* End PBXTargetDependency section */

/* Begin PBXVariantGroup section */
		1598FC1A2469A8CD00A5196C /* Main.storyboard */ = {
			isa = PBXVariantGroup;
			children = (
				1598FC1B2469A8CD00A5196C /* Base */,
			);
			name = Main.storyboard;
			sourceTree = "<group>";
		};
		1598FC1F2469A8CE00A5196C /* LaunchScreen.storyboard */ = {
			isa = PBXVariantGroup;
			children = (
				1598FC202469A8CE00A5196C /* Base */,
			);
			name = LaunchScreen.storyboard;
			sourceTree = "<group>";
		};
/* End PBXVariantGroup section */

/* Begin XCBuildConfiguration section */
		1598FC392469A8CE00A5196C /* Debug */ = {
			isa = XCBuildConfiguration;
			buildSettings = {
				ALWAYS_SEARCH_USER_PATHS = NO;
				CLANG_ANALYZER_NONNULL = YES;
				CLANG_ANALYZER_NUMBER_OBJECT_CONVERSION = YES_AGGRESSIVE;
				CLANG_CXX_LANGUAGE_STANDARD = "gnu++14";
				CLANG_CXX_LIBRARY = "libc++";
				CLANG_ENABLE_MODULES = YES;
				CLANG_ENABLE_OBJC_ARC = YES;
				CLANG_ENABLE_OBJC_WEAK = YES;
				CLANG_WARN_BLOCK_CAPTURE_AUTORELEASING = YES;
				CLANG_WARN_BOOL_CONVERSION = YES;
				CLANG_WARN_COMMA = YES;
				CLANG_WARN_CONSTANT_CONVERSION = YES;
				CLANG_WARN_DEPRECATED_OBJC_IMPLEMENTATIONS = YES;
				CLANG_WARN_DIRECT_OBJC_ISA_USAGE = YES_ERROR;
				CLANG_WARN_DOCUMENTATION_COMMENTS = YES;
				CLANG_WARN_EMPTY_BODY = YES;
				CLANG_WARN_ENUM_CONVERSION = YES;
				CLANG_WARN_INFINITE_RECURSION = YES;
				CLANG_WARN_INT_CONVERSION = YES;
				CLANG_WARN_NON_LITERAL_NULL_CONVERSION = YES;
				CLANG_WARN_OBJC_IMPLICIT_RETAIN_SELF = YES;
				CLANG_WARN_OBJC_LITERAL_CONVERSION = YES;
				CLANG_WARN_OBJC_ROOT_CLASS = YES_ERROR;
				CLANG_WARN_RANGE_LOOP_ANALYSIS = YES;
				CLANG_WARN_STRICT_PROTOTYPES = YES;
				CLANG_WARN_SUSPICIOUS_MOVE = YES;
				CLANG_WARN_UNGUARDED_AVAILABILITY = YES_AGGRESSIVE;
				CLANG_WARN_UNREACHABLE_CODE = YES;
				CLANG_WARN__DUPLICATE_METHOD_MATCH = YES;
				COPY_PHASE_STRIP = NO;
				DEBUG_INFORMATION_FORMAT = dwarf;
				ENABLE_STRICT_OBJC_MSGSEND = YES;
				ENABLE_TESTABILITY = YES;
				GCC_C_LANGUAGE_STANDARD = gnu11;
				GCC_DYNAMIC_NO_PIC = NO;
				GCC_NO_COMMON_BLOCKS = YES;
				GCC_OPTIMIZATION_LEVEL = 0;
				GCC_PREPROCESSOR_DEFINITIONS = (
					"DEBUG=1",
					"$(inherited)",
				);
				GCC_WARN_64_TO_32_BIT_CONVERSION = YES;
				GCC_WARN_ABOUT_RETURN_TYPE = YES_ERROR;
				GCC_WARN_UNDECLARED_SELECTOR = YES;
				GCC_WARN_UNINITIALIZED_AUTOS = YES_AGGRESSIVE;
				GCC_WARN_UNUSED_FUNCTION = YES;
				GCC_WARN_UNUSED_VARIABLE = YES;
				IPHONEOS_DEPLOYMENT_TARGET = 13.2;
				MTL_ENABLE_DEBUG_INFO = INCLUDE_SOURCE;
				MTL_FAST_MATH = YES;
				ONLY_ACTIVE_ARCH = YES;
				SDKROOT = iphoneos;
				SWIFT_ACTIVE_COMPILATION_CONDITIONS = DEBUG;
				SWIFT_OPTIMIZATION_LEVEL = "-Onone";
			};
			name = Debug;
		};
		1598FC3A2469A8CE00A5196C /* Release */ = {
			isa = XCBuildConfiguration;
			buildSettings = {
				ALWAYS_SEARCH_USER_PATHS = NO;
				CLANG_ANALYZER_NONNULL = YES;
				CLANG_ANALYZER_NUMBER_OBJECT_CONVERSION = YES_AGGRESSIVE;
				CLANG_CXX_LANGUAGE_STANDARD = "gnu++14";
				CLANG_CXX_LIBRARY = "libc++";
				CLANG_ENABLE_MODULES = YES;
				CLANG_ENABLE_OBJC_ARC = YES;
				CLANG_ENABLE_OBJC_WEAK = YES;
				CLANG_WARN_BLOCK_CAPTURE_AUTORELEASING = YES;
				CLANG_WARN_BOOL_CONVERSION = YES;
				CLANG_WARN_COMMA = YES;
				CLANG_WARN_CONSTANT_CONVERSION = YES;
				CLANG_WARN_DEPRECATED_OBJC_IMPLEMENTATIONS = YES;
				CLANG_WARN_DIRECT_OBJC_ISA_USAGE = YES_ERROR;
				CLANG_WARN_DOCUMENTATION_COMMENTS = YES;
				CLANG_WARN_EMPTY_BODY = YES;
				CLANG_WARN_ENUM_CONVERSION = YES;
				CLANG_WARN_INFINITE_RECURSION = YES;
				CLANG_WARN_INT_CONVERSION = YES;
				CLANG_WARN_NON_LITERAL_NULL_CONVERSION = YES;
				CLANG_WARN_OBJC_IMPLICIT_RETAIN_SELF = YES;
				CLANG_WARN_OBJC_LITERAL_CONVERSION = YES;
				CLANG_WARN_OBJC_ROOT_CLASS = YES_ERROR;
				CLANG_WARN_RANGE_LOOP_ANALYSIS = YES;
				CLANG_WARN_STRICT_PROTOTYPES = YES;
				CLANG_WARN_SUSPICIOUS_MOVE = YES;
				CLANG_WARN_UNGUARDED_AVAILABILITY = YES_AGGRESSIVE;
				CLANG_WARN_UNREACHABLE_CODE = YES;
				CLANG_WARN__DUPLICATE_METHOD_MATCH = YES;
				COPY_PHASE_STRIP = NO;
				DEBUG_INFORMATION_FORMAT = "dwarf-with-dsym";
				ENABLE_NS_ASSERTIONS = NO;
				ENABLE_STRICT_OBJC_MSGSEND = YES;
				GCC_C_LANGUAGE_STANDARD = gnu11;
				GCC_NO_COMMON_BLOCKS = YES;
				GCC_WARN_64_TO_32_BIT_CONVERSION = YES;
				GCC_WARN_ABOUT_RETURN_TYPE = YES_ERROR;
				GCC_WARN_UNDECLARED_SELECTOR = YES;
				GCC_WARN_UNINITIALIZED_AUTOS = YES_AGGRESSIVE;
				GCC_WARN_UNUSED_FUNCTION = YES;
				GCC_WARN_UNUSED_VARIABLE = YES;
				IPHONEOS_DEPLOYMENT_TARGET = 13.2;
				MTL_ENABLE_DEBUG_INFO = NO;
				MTL_FAST_MATH = YES;
				SDKROOT = iphoneos;
				SWIFT_COMPILATION_MODE = wholemodule;
				SWIFT_OPTIMIZATION_LEVEL = "-O";
				VALIDATE_PRODUCT = YES;
			};
			name = Release;
		};
		1598FC3C2469A8CE00A5196C /* Debug */ = {
			isa = XCBuildConfiguration;
			buildSettings = {
				ASSETCATALOG_COMPILER_APPICON_NAME = AppIcon;
				CLANG_ENABLE_MODULES = YES;
				CODE_SIGN_IDENTITY = "Apple Development";
				CODE_SIGN_STYLE = Automatic;
				DEVELOPMENT_TEAM = 396YGDR2AV;
				INFOPLIST_FILE = Demo/Info.plist;
				LD_RUNPATH_SEARCH_PATHS = (
					"$(inherited)",
					"@executable_path/Frameworks",
				);
				PRODUCT_BUNDLE_IDENTIFIER = wy.com.demo.Demo;
				PRODUCT_NAME = "$(TARGET_NAME)";
				PROVISIONING_PROFILE_SPECIFIER = "";
				SWIFT_OBJC_BRIDGING_HEADER = "Demo/Demo-Bridging-Header.h";
				SWIFT_OPTIMIZATION_LEVEL = "-Onone";
				SWIFT_VERSION = 5.0;
				TARGETED_DEVICE_FAMILY = "1,2";
			};
			name = Debug;
		};
		1598FC3D2469A8CE00A5196C /* Release */ = {
			isa = XCBuildConfiguration;
			buildSettings = {
				ASSETCATALOG_COMPILER_APPICON_NAME = AppIcon;
				CLANG_ENABLE_MODULES = YES;
				CODE_SIGN_IDENTITY = "Apple Development";
				CODE_SIGN_STYLE = Automatic;
				DEVELOPMENT_TEAM = 396YGDR2AV;
				INFOPLIST_FILE = Demo/Info.plist;
				LD_RUNPATH_SEARCH_PATHS = (
					"$(inherited)",
					"@executable_path/Frameworks",
				);
				PRODUCT_BUNDLE_IDENTIFIER = wy.com.demo.Demo;
				PRODUCT_NAME = "$(TARGET_NAME)";
				PROVISIONING_PROFILE_SPECIFIER = "";
				SWIFT_OBJC_BRIDGING_HEADER = "Demo/Demo-Bridging-Header.h";
				SWIFT_VERSION = 5.0;
				TARGETED_DEVICE_FAMILY = "1,2";
			};
			name = Release;
		};
		1598FC3F2469A8CE00A5196C /* Debug */ = {
			isa = XCBuildConfiguration;
			buildSettings = {
				ALWAYS_EMBED_SWIFT_STANDARD_LIBRARIES = YES;
				BUNDLE_LOADER = "$(TEST_HOST)";
				CODE_SIGN_STYLE = Automatic;
				DEVELOPMENT_TEAM = 396YGDR2AV;
				INFOPLIST_FILE = DemoTests/Info.plist;
				IPHONEOS_DEPLOYMENT_TARGET = 13.2;
				LD_RUNPATH_SEARCH_PATHS = (
					"$(inherited)",
					"@executable_path/Frameworks",
					"@loader_path/Frameworks",
				);
				PRODUCT_BUNDLE_IDENTIFIER = wy.com.demo.DemoTests;
				PRODUCT_NAME = "$(TARGET_NAME)";
				SWIFT_VERSION = 5.0;
				TARGETED_DEVICE_FAMILY = "1,2";
				TEST_HOST = "$(BUILT_PRODUCTS_DIR)/Demo.app/Demo";
			};
			name = Debug;
		};
		1598FC402469A8CE00A5196C /* Release */ = {
			isa = XCBuildConfiguration;
			buildSettings = {
				ALWAYS_EMBED_SWIFT_STANDARD_LIBRARIES = YES;
				BUNDLE_LOADER = "$(TEST_HOST)";
				CODE_SIGN_STYLE = Automatic;
				DEVELOPMENT_TEAM = 396YGDR2AV;
				INFOPLIST_FILE = DemoTests/Info.plist;
				IPHONEOS_DEPLOYMENT_TARGET = 13.2;
				LD_RUNPATH_SEARCH_PATHS = (
					"$(inherited)",
					"@executable_path/Frameworks",
					"@loader_path/Frameworks",
				);
				PRODUCT_BUNDLE_IDENTIFIER = wy.com.demo.DemoTests;
				PRODUCT_NAME = "$(TARGET_NAME)";
				SWIFT_VERSION = 5.0;
				TARGETED_DEVICE_FAMILY = "1,2";
				TEST_HOST = "$(BUILT_PRODUCTS_DIR)/Demo.app/Demo";
			};
			name = Release;
		};
		1598FC422469A8CE00A5196C /* Debug */ = {
			isa = XCBuildConfiguration;
			buildSettings = {
				ALWAYS_EMBED_SWIFT_STANDARD_LIBRARIES = YES;
				CODE_SIGN_STYLE = Automatic;
				DEVELOPMENT_TEAM = 396YGDR2AV;
				INFOPLIST_FILE = DemoUITests/Info.plist;
				LD_RUNPATH_SEARCH_PATHS = (
					"$(inherited)",
					"@executable_path/Frameworks",
					"@loader_path/Frameworks",
				);
				PRODUCT_BUNDLE_IDENTIFIER = wy.com.demo.DemoUITests;
				PRODUCT_NAME = "$(TARGET_NAME)";
				SWIFT_VERSION = 5.0;
				TARGETED_DEVICE_FAMILY = "1,2";
				TEST_TARGET_NAME = Demo;
			};
			name = Debug;
		};
		1598FC432469A8CE00A5196C /* Release */ = {
			isa = XCBuildConfiguration;
			buildSettings = {
				ALWAYS_EMBED_SWIFT_STANDARD_LIBRARIES = YES;
				CODE_SIGN_STYLE = Automatic;
				DEVELOPMENT_TEAM = 396YGDR2AV;
				INFOPLIST_FILE = DemoUITests/Info.plist;
				LD_RUNPATH_SEARCH_PATHS = (
					"$(inherited)",
					"@executable_path/Frameworks",
					"@loader_path/Frameworks",
				);
				PRODUCT_BUNDLE_IDENTIFIER = wy.com.demo.DemoUITests;
				PRODUCT_NAME = "$(TARGET_NAME)";
				SWIFT_VERSION = 5.0;
				TARGETED_DEVICE_FAMILY = "1,2";
				TEST_TARGET_NAME = Demo;
			};
			name = Release;
		};
/* End XCBuildConfiguration section */

/* Begin XCConfigurationList section */
		1598FC0C2469A8CD00A5196C /* Build configuration list for PBXProject "Demo" */ = {
			isa = XCConfigurationList;
			buildConfigurations = (
				1598FC392469A8CE00A5196C /* Debug */,
				1598FC3A2469A8CE00A5196C /* Release */,
			);
			defaultConfigurationIsVisible = 0;
			defaultConfigurationName = Release;
		};
		1598FC3B2469A8CE00A5196C /* Build configuration list for PBXNativeTarget "Demo" */ = {
			isa = XCConfigurationList;
			buildConfigurations = (
				1598FC3C2469A8CE00A5196C /* Debug */,
				1598FC3D2469A8CE00A5196C /* Release */,
			);
			defaultConfigurationIsVisible = 0;
			defaultConfigurationName = Release;
		};
		1598FC3E2469A8CE00A5196C /* Build configuration list for PBXNativeTarget "DemoTests" */ = {
			isa = XCConfigurationList;
			buildConfigurations = (
				1598FC3F2469A8CE00A5196C /* Debug */,
				1598FC402469A8CE00A5196C /* Release */,
			);
			defaultConfigurationIsVisible = 0;
			defaultConfigurationName = Release;
		};
		1598FC412469A8CE00A5196C /* Build configuration list for PBXNativeTarget "DemoUITests" */ = {
			isa = XCConfigurationList;
			buildConfigurations = (
				1598FC422469A8CE00A5196C /* Debug */,
				1598FC432469A8CE00A5196C /* Release */,
			);
			defaultConfigurationIsVisible = 0;
			defaultConfigurationName = Release;
		};
/* End XCConfigurationList section */
	};
	rootObject = 1598FC092469A8CD00A5196C /* Project object */;
}
