// !$*UTF8*$!
{
	archiveVersion = 1;
	classes = {
	};
	objectVersion = 48;
	objects = {

/* Begin PBXBuildFile section */
		E4A63E0D20B3F7BD001070D3 /* AppDelegate.m in Sources */ = {isa = PBXBuildFile; fileRef = E4A63E0C20B3F7BD001070D3 /* AppDelegate.m */; };
		E4A63E1320B3F7BD001070D3 /* Main.storyboard in Resources */ = {isa = PBXBuildFile; fileRef = E4A63E1120B3F7BD001070D3 /* Main.storyboard */; };
		E4A63E1520B3F7BD001070D3 /* Assets.xcassets in Resources */ = {isa = PBXBuildFile; fileRef = E4A63E1420B3F7BD001070D3 /* Assets.xcassets */; };
		E4A63E1820B3F7BD001070D3 /* LaunchScreen.storyboard in Resources */ = {isa = PBXBuildFile; fileRef = E4A63E1620B3F7BD001070D3 /* LaunchScreen.storyboard */; };
		E4A63E1B20B3F7BD001070D3 /* main.m in Sources */ = {isa = PBXBuildFile; fileRef = E4A63E1A20B3F7BD001070D3 /* main.m */; };
		E4A63E2520B3F7BE001070D3 /* WYCollectionViewTests.m in Sources */ = {isa = PBXBuildFile; fileRef = E4A63E2420B3F7BE001070D3 /* WYCollectionViewTests.m */; };
		E4A63E3020B3F7BE001070D3 /* WYCollectionViewUITests.m in Sources */ = {isa = PBXBuildFile; fileRef = E4A63E2F20B3F7BE001070D3 /* WYCollectionViewUITests.m */; };
		E4A63E3F20B3FD5B001070D3 /* WYHomeController.m in Sources */ = {isa = PBXBuildFile; fileRef = E4A63E3E20B3FD5B001070D3 /* WYHomeController.m */; };
		E4A63E4220B3FE82001070D3 /* WYTabBarController.m in Sources */ = {isa = PBXBuildFile; fileRef = E4A63E4120B3FE82001070D3 /* WYTabBarController.m */; };
		E4A63E8420B4050A001070D3 /* WYNavigationController.m in Sources */ = {isa = PBXBuildFile; fileRef = E4A63E8320B4050A001070D3 /* WYNavigationController.m */; };
		E4A63E8720B40FDF001070D3 /* WYCollectionView.m in Sources */ = {isa = PBXBuildFile; fileRef = E4A63E8620B40FDF001070D3 /* WYCollectionView.m */; };
		E4A63E8A20B41126001070D3 /* WYCollectionViewCell.m in Sources */ = {isa = PBXBuildFile; fileRef = E4A63E8920B41126001070D3 /* WYCollectionViewCell.m */; };
/* End PBXBuildFile section */

/* Begin PBXContainerItemProxy section */
		E4A63E2120B3F7BE001070D3 /* PBXContainerItemProxy */ = {
			isa = PBXContainerItemProxy;
			containerPortal = E4A63E0020B3F7BD001070D3 /* Project object */;
			proxyType = 1;
			remoteGlobalIDString = E4A63E0720B3F7BD001070D3;
			remoteInfo = WYCollectionView;
		};
		E4A63E2C20B3F7BE001070D3 /* PBXContainerItemProxy */ = {
			isa = PBXContainerItemProxy;
			containerPortal = E4A63E0020B3F7BD001070D3 /* Project object */;
			proxyType = 1;
			remoteGlobalIDString = E4A63E0720B3F7BD001070D3;
			remoteInfo = WYCollectionView;
		};
/* End PBXContainerItemProxy section */

/* Begin PBXFileReference section */
		E4A63E0820B3F7BD001070D3 /* WYCollectionView.app */ = {isa = PBXFileReference; explicitFileType = wrapper.application; includeInIndex = 0; path = WYCollectionView.app; sourceTree = BUILT_PRODUCTS_DIR; };
		E4A63E0B20B3F7BD001070D3 /* AppDelegate.h */ = {isa = PBXFileReference; lastKnownFileType = sourcecode.c.h; path = AppDelegate.h; sourceTree = "<group>"; };
		E4A63E0C20B3F7BD001070D3 /* AppDelegate.m */ = {isa = PBXFileReference; lastKnownFileType = sourcecode.c.objc; path = AppDelegate.m; sourceTree = "<group>"; };
		E4A63E1220B3F7BD001070D3 /* Base */ = {isa = PBXFileReference; lastKnownFileType = file.storyboard; name = Base; path = Base.lproj/Main.storyboard; sourceTree = "<group>"; };
		E4A63E1420B3F7BD001070D3 /* Assets.xcassets */ = {isa = PBXFileReference; lastKnownFileType = folder.assetcatalog; path = Assets.xcassets; sourceTree = "<group>"; };
		E4A63E1720B3F7BD001070D3 /* Base */ = {isa = PBXFileReference; lastKnownFileType = file.storyboard; name = Base; path = Base.lproj/LaunchScreen.storyboard; sourceTree = "<group>"; };
		E4A63E1920B3F7BD001070D3 /* Info.plist */ = {isa = PBXFileReference; lastKnownFileType = text.plist.xml; path = Info.plist; sourceTree = "<group>"; };
		E4A63E1A20B3F7BD001070D3 /* main.m */ = {isa = PBXFileReference; lastKnownFileType = sourcecode.c.objc; path = main.m; sourceTree = "<group>"; };
		E4A63E2020B3F7BE001070D3 /* WYCollectionViewTests.xctest */ = {isa = PBXFileReference; explicitFileType = wrapper.cfbundle; includeInIndex = 0; path = WYCollectionViewTests.xctest; sourceTree = BUILT_PRODUCTS_DIR; };
		E4A63E2420B3F7BE001070D3 /* WYCollectionViewTests.m */ = {isa = PBXFileReference; lastKnownFileType = sourcecode.c.objc; path = WYCollectionViewTests.m; sourceTree = "<group>"; };
		E4A63E2620B3F7BE001070D3 /* Info.plist */ = {isa = PBXFileReference; lastKnownFileType = text.plist.xml; path = Info.plist; sourceTree = "<group>"; };
		E4A63E2B20B3F7BE001070D3 /* WYCollectionViewUITests.xctest */ = {isa = PBXFileReference; explicitFileType = wrapper.cfbundle; includeInIndex = 0; path = WYCollectionViewUITests.xctest; sourceTree = BUILT_PRODUCTS_DIR; };
		E4A63E2F20B3F7BE001070D3 /* WYCollectionViewUITests.m */ = {isa = PBXFileReference; lastKnownFileType = sourcecode.c.objc; path = WYCollectionViewUITests.m; sourceTree = "<group>"; };
		E4A63E3120B3F7BE001070D3 /* Info.plist */ = {isa = PBXFileReference; lastKnownFileType = text.plist.xml; path = Info.plist; sourceTree = "<group>"; };
		E4A63E3D20B3FD5B001070D3 /* WYHomeController.h */ = {isa = PBXFileReference; lastKnownFileType = sourcecode.c.h; path = WYHomeController.h; sourceTree = "<group>"; };
		E4A63E3E20B3FD5B001070D3 /* WYHomeController.m */ = {isa = PBXFileReference; lastKnownFileType = sourcecode.c.objc; path = WYHomeController.m; sourceTree = "<group>"; };
		E4A63E4020B3FE82001070D3 /* WYTabBarController.h */ = {isa = PBXFileReference; lastKnownFileType = sourcecode.c.h; path = WYTabBarController.h; sourceTree = "<group>"; };
		E4A63E4120B3FE82001070D3 /* WYTabBarController.m */ = {isa = PBXFileReference; lastKnownFileType = sourcecode.c.objc; path = WYTabBarController.m; sourceTree = "<group>"; };
		E4A63E8220B4050A001070D3 /* WYNavigationController.h */ = {isa = PBXFileReference; lastKnownFileType = sourcecode.c.h; path = WYNavigationController.h; sourceTree = "<group>"; };
		E4A63E8320B4050A001070D3 /* WYNavigationController.m */ = {isa = PBXFileReference; lastKnownFileType = sourcecode.c.objc; path = WYNavigationController.m; sourceTree = "<group>"; };
		E4A63E8520B40FDF001070D3 /* WYCollectionView.h */ = {isa = PBXFileReference; lastKnownFileType = sourcecode.c.h; path = WYCollectionView.h; sourceTree = "<group>"; };
		E4A63E8620B40FDF001070D3 /* WYCollectionView.m */ = {isa = PBXFileReference; lastKnownFileType = sourcecode.c.objc; path = WYCollectionView.m; sourceTree = "<group>"; };
		E4A63E8820B41126001070D3 /* WYCollectionViewCell.h */ = {isa = PBXFileReference; lastKnownFileType = sourcecode.c.h; path = WYCollectionViewCell.h; sourceTree = "<group>"; };
		E4A63E8920B41126001070D3 /* WYCollectionViewCell.m */ = {isa = PBXFileReference; lastKnownFileType = sourcecode.c.objc; path = WYCollectionViewCell.m; sourceTree = "<group>"; };
		E4A63E8B20B422C3001070D3 /* WYConstant.h */ = {isa = PBXFileReference; lastKnownFileType = sourcecode.c.h; path = WYConstant.h; sourceTree = "<group>"; };
		E4A63E8C20B42310001070D3 /* PrefixHeader.pch */ = {isa = PBXFileReference; lastKnownFileType = sourcecode.c.h; path = PrefixHeader.pch; sourceTree = "<group>"; };
/* End PBXFileReference section */

/* Begin PBXFrameworksBuildPhase section */
		E4A63E0520B3F7BD001070D3 /* Frameworks */ = {
			isa = PBXFrameworksBuildPhase;
			buildActionMask = 2147483647;
			files = (
			);
			runOnlyForDeploymentPostprocessing = 0;
		};
		E4A63E1D20B3F7BE001070D3 /* Frameworks */ = {
			isa = PBXFrameworksBuildPhase;
			buildActionMask = 2147483647;
			files = (
			);
			runOnlyForDeploymentPostprocessing = 0;
		};
		E4A63E2820B3F7BE001070D3 /* Frameworks */ = {
			isa = PBXFrameworksBuildPhase;
			buildActionMask = 2147483647;
			files = (
			);
			runOnlyForDeploymentPostprocessing = 0;
		};
/* End PBXFrameworksBuildPhase section */

/* Begin PBXGroup section */
		E4A63DFF20B3F7BD001070D3 = {
			isa = PBXGroup;
			children = (
				E4A63E0A20B3F7BD001070D3 /* WYCollectionView */,
				E4A63E2320B3F7BE001070D3 /* WYCollectionViewTests */,
				E4A63E2E20B3F7BE001070D3 /* WYCollectionViewUITests */,
				E4A63E0920B3F7BD001070D3 /* Products */,
			);
			sourceTree = "<group>";
		};
		E4A63E0920B3F7BD001070D3 /* Products */ = {
			isa = PBXGroup;
			children = (
				E4A63E0820B3F7BD001070D3 /* WYCollectionView.app */,
				E4A63E2020B3F7BE001070D3 /* WYCollectionViewTests.xctest */,
				E4A63E2B20B3F7BE001070D3 /* WYCollectionViewUITests.xctest */,
			);
			name = Products;
			sourceTree = "<group>";
		};
		E4A63E0A20B3F7BD001070D3 /* WYCollectionView */ = {
			isa = PBXGroup;
			children = (
				E4A63E0B20B3F7BD001070D3 /* AppDelegate.h */,
				E4A63E0C20B3F7BD001070D3 /* AppDelegate.m */,
				E4A63E8B20B422C3001070D3 /* WYConstant.h */,
				E4A63E8C20B42310001070D3 /* PrefixHeader.pch */,
				E4A63E3D20B3FD5B001070D3 /* WYHomeController.h */,
				E4A63E3E20B3FD5B001070D3 /* WYHomeController.m */,
				E4A63E4020B3FE82001070D3 /* WYTabBarController.h */,
				E4A63E4120B3FE82001070D3 /* WYTabBarController.m */,
				E4A63E8220B4050A001070D3 /* WYNavigationController.h */,
				E4A63E8320B4050A001070D3 /* WYNavigationController.m */,
				E4A63E8520B40FDF001070D3 /* WYCollectionView.h */,
				E4A63E8620B40FDF001070D3 /* WYCollectionView.m */,
				E4A63E8820B41126001070D3 /* WYCollectionViewCell.h */,
				E4A63E8920B41126001070D3 /* WYCollectionViewCell.m */,
				E4A63E1120B3F7BD001070D3 /* Main.storyboard */,
				E4A63E1420B3F7BD001070D3 /* Assets.xcassets */,
				E4A63E4320B402A4001070D3 /* New Group */,
				E4A63E1620B3F7BD001070D3 /* LaunchScreen.storyboard */,
				E4A63E1920B3F7BD001070D3 /* Info.plist */,
				E4A63E1A20B3F7BD001070D3 /* main.m */,
			);
			path = WYCollectionView;
			sourceTree = "<group>";
		};
		E4A63E2320B3F7BE001070D3 /* WYCollectionViewTests */ = {
			isa = PBXGroup;
			children = (
				E4A63E2420B3F7BE001070D3 /* WYCollectionViewTests.m */,
				E4A63E2620B3F7BE001070D3 /* Info.plist */,
			);
			path = WYCollectionViewTests;
			sourceTree = "<group>";
		};
		E4A63E2E20B3F7BE001070D3 /* WYCollectionViewUITests */ = {
			isa = PBXGroup;
			children = (
				E4A63E2F20B3F7BE001070D3 /* WYCollectionViewUITests.m */,
				E4A63E3120B3F7BE001070D3 /* Info.plist */,
			);
			path = WYCollectionViewUITests;
			sourceTree = "<group>";
		};
		E4A63E4320B402A4001070D3 /* New Group */ = {
			isa = PBXGroup;
			children = (
			);
			path = "New Group";
			sourceTree = "<group>";
		};
/* End PBXGroup section */

/* Begin PBXNativeTarget section */
		E4A63E0720B3F7BD001070D3 /* WYCollectionView */ = {
			isa = PBXNativeTarget;
			buildConfigurationList = E4A63E3420B3F7BE001070D3 /* Build configuration list for PBXNativeTarget "WYCollectionView" */;
			buildPhases = (
				E4A63E0420B3F7BD001070D3 /* Sources */,
				E4A63E0520B3F7BD001070D3 /* Frameworks */,
				E4A63E0620B3F7BD001070D3 /* Resources */,
			);
			buildRules = (
			);
			dependencies = (
			);
			name = WYCollectionView;
			productName = WYCollectionView;
			productReference = E4A63E0820B3F7BD001070D3 /* WYCollectionView.app */;
			productType = "com.apple.product-type.application";
		};
		E4A63E1F20B3F7BE001070D3 /* WYCollectionViewTests */ = {
			isa = PBXNativeTarget;
			buildConfigurationList = E4A63E3720B3F7BE001070D3 /* Build configuration list for PBXNativeTarget "WYCollectionViewTests" */;
			buildPhases = (
				E4A63E1C20B3F7BE001070D3 /* Sources */,
				E4A63E1D20B3F7BE001070D3 /* Frameworks */,
				E4A63E1E20B3F7BE001070D3 /* Resources */,
			);
			buildRules = (
			);
			dependencies = (
				E4A63E2220B3F7BE001070D3 /* PBXTargetDependency */,
			);
			name = WYCollectionViewTests;
			productName = WYCollectionViewTests;
			productReference = E4A63E2020B3F7BE001070D3 /* WYCollectionViewTests.xctest */;
			productType = "com.apple.product-type.bundle.unit-test";
		};
		E4A63E2A20B3F7BE001070D3 /* WYCollectionViewUITests */ = {
			isa = PBXNativeTarget;
			buildConfigurationList = E4A63E3A20B3F7BE001070D3 /* Build configuration list for PBXNativeTarget "WYCollectionViewUITests" */;
			buildPhases = (
				E4A63E2720B3F7BE001070D3 /* Sources */,
				E4A63E2820B3F7BE001070D3 /* Frameworks */,
				E4A63E2920B3F7BE001070D3 /* Resources */,
			);
			buildRules = (
			);
			dependencies = (
				E4A63E2D20B3F7BE001070D3 /* PBXTargetDependency */,
			);
			name = WYCollectionViewUITests;
			productName = WYCollectionViewUITests;
			productReference = E4A63E2B20B3F7BE001070D3 /* WYCollectionViewUITests.xctest */;
			productType = "com.apple.product-type.bundle.ui-testing";
		};
/* End PBXNativeTarget section */

/* Begin PBXProject section */
		E4A63E0020B3F7BD001070D3 /* Project object */ = {
			isa = PBXProject;
			attributes = {
				LastUpgradeCheck = 0920;
				ORGANIZATIONNAME = wy;
				TargetAttributes = {
					E4A63E0720B3F7BD001070D3 = {
						CreatedOnToolsVersion = 9.2;
						ProvisioningStyle = Automatic;
					};
					E4A63E1F20B3F7BE001070D3 = {
						CreatedOnToolsVersion = 9.2;
						ProvisioningStyle = Automatic;
						TestTargetID = E4A63E0720B3F7BD001070D3;
					};
					E4A63E2A20B3F7BE001070D3 = {
						CreatedOnToolsVersion = 9.2;
						ProvisioningStyle = Automatic;
						TestTargetID = E4A63E0720B3F7BD001070D3;
					};
				};
			};
			buildConfigurationList = E4A63E0320B3F7BD001070D3 /* Build configuration list for PBXProject "WYCollectionView" */;
			compatibilityVersion = "Xcode 8.0";
			developmentRegion = en;
			hasScannedForEncodings = 0;
			knownRegions = (
				en,
				Base,
			);
			mainGroup = E4A63DFF20B3F7BD001070D3;
			productRefGroup = E4A63E0920B3F7BD001070D3 /* Products */;
			projectDirPath = "";
			projectRoot = "";
			targets = (
				E4A63E0720B3F7BD001070D3 /* WYCollectionView */,
				E4A63E1F20B3F7BE001070D3 /* WYCollectionViewTests */,
				E4A63E2A20B3F7BE001070D3 /* WYCollectionViewUITests */,
			);
		};
/* End PBXProject section */

/* Begin PBXResourcesBuildPhase section */
		E4A63E0620B3F7BD001070D3 /* Resources */ = {
			isa = PBXResourcesBuildPhase;
			buildActionMask = 2147483647;
			files = (
				E4A63E1820B3F7BD001070D3 /* LaunchScreen.storyboard in Resources */,
				E4A63E1520B3F7BD001070D3 /* Assets.xcassets in Resources */,
				E4A63E1320B3F7BD001070D3 /* Main.storyboard in Resources */,
			);
			runOnlyForDeploymentPostprocessing = 0;
		};
		E4A63E1E20B3F7BE001070D3 /* Resources */ = {
			isa = PBXResourcesBuildPhase;
			buildActionMask = 2147483647;
			files = (
			);
			runOnlyForDeploymentPostprocessing = 0;
		};
		E4A63E2920B3F7BE001070D3 /* Resources */ = {
			isa = PBXResourcesBuildPhase;
			buildActionMask = 2147483647;
			files = (
			);
			runOnlyForDeploymentPostprocessing = 0;
		};
/* End PBXResourcesBuildPhase section */

/* Begin PBXSourcesBuildPhase section */
		E4A63E0420B3F7BD001070D3 /* Sources */ = {
			isa = PBXSourcesBuildPhase;
			buildActionMask = 2147483647;
			files = (
				E4A63E1B20B3F7BD001070D3 /* main.m in Sources */,
				E4A63E8420B4050A001070D3 /* WYNavigationController.m in Sources */,
				E4A63E8720B40FDF001070D3 /* WYCollectionView.m in Sources */,
				E4A63E3F20B3FD5B001070D3 /* WYHomeController.m in Sources */,
				E4A63E0D20B3F7BD001070D3 /* AppDelegate.m in Sources */,
				E4A63E4220B3FE82001070D3 /* WYTabBarController.m in Sources */,
				E4A63E8A20B41126001070D3 /* WYCollectionViewCell.m in Sources */,
			);
			runOnlyForDeploymentPostprocessing = 0;
		};
		E4A63E1C20B3F7BE001070D3 /* Sources */ = {
			isa = PBXSourcesBuildPhase;
			buildActionMask = 2147483647;
			files = (
				E4A63E2520B3F7BE001070D3 /* WYCollectionViewTests.m in Sources */,
			);
			runOnlyForDeploymentPostprocessing = 0;
		};
		E4A63E2720B3F7BE001070D3 /* Sources */ = {
			isa = PBXSourcesBuildPhase;
			buildActionMask = 2147483647;
			files = (
				E4A63E3020B3F7BE001070D3 /* WYCollectionViewUITests.m in Sources */,
			);
			runOnlyForDeploymentPostprocessing = 0;
		};
/* End PBXSourcesBuildPhase section */

/* Begin PBXTargetDependency section */
		E4A63E2220B3F7BE001070D3 /* PBXTargetDependency */ = {
			isa = PBXTargetDependency;
			target = E4A63E0720B3F7BD001070D3 /* WYCollectionView */;
			targetProxy = E4A63E2120B3F7BE001070D3 /* PBXContainerItemProxy */;
		};
		E4A63E2D20B3F7BE001070D3 /* PBXTargetDependency */ = {
			isa = PBXTargetDependency;
			target = E4A63E0720B3F7BD001070D3 /* WYCollectionView */;
			targetProxy = E4A63E2C20B3F7BE001070D3 /* PBXContainerItemProxy */;
		};
/* End PBXTargetDependency section */

/* Begin PBXVariantGroup section */
		E4A63E1120B3F7BD001070D3 /* Main.storyboard */ = {
			isa = PBXVariantGroup;
			children = (
				E4A63E1220B3F7BD001070D3 /* Base */,
			);
			name = Main.storyboard;
			sourceTree = "<group>";
		};
		E4A63E1620B3F7BD001070D3 /* LaunchScreen.storyboard */ = {
			isa = PBXVariantGroup;
			children = (
				E4A63E1720B3F7BD001070D3 /* Base */,
			);
			name = LaunchScreen.storyboard;
			sourceTree = "<group>";
		};
/* End PBXVariantGroup section */

/* Begin XCBuildConfiguration section */
		E4A63E3220B3F7BE001070D3 /* Debug */ = {
			isa = XCBuildConfiguration;
			buildSettings = {
				ALWAYS_SEARCH_USER_PATHS = NO;
				CLANG_ANALYZER_NONNULL = YES;
				CLANG_ANALYZER_NUMBER_OBJECT_CONVERSION = YES_AGGRESSIVE;
				CLANG_CXX_LANGUAGE_STANDARD = "gnu++14";
				CLANG_CXX_LIBRARY = "libc++";
				CLANG_ENABLE_MODULES = YES;
				CLANG_ENABLE_OBJC_ARC = YES;
				CLANG_WARN_BLOCK_CAPTURE_AUTORELEASING = YES;
				CLANG_WARN_BOOL_CONVERSION = YES;
				CLANG_WARN_COMMA = YES;
				CLANG_WARN_CONSTANT_CONVERSION = YES;
				CLANG_WARN_DIRECT_OBJC_ISA_USAGE = YES_ERROR;
				CLANG_WARN_DOCUMENTATION_COMMENTS = YES;
				CLANG_WARN_EMPTY_BODY = YES;
				CLANG_WARN_ENUM_CONVERSION = YES;
				CLANG_WARN_INFINITE_RECURSION = YES;
				CLANG_WARN_INT_CONVERSION = YES;
				CLANG_WARN_NON_LITERAL_NULL_CONVERSION = YES;
				CLANG_WARN_OBJC_LITERAL_CONVERSION = YES;
				CLANG_WARN_OBJC_ROOT_CLASS = YES_ERROR;
				CLANG_WARN_RANGE_LOOP_ANALYSIS = YES;
				CLANG_WARN_STRICT_PROTOTYPES = YES;
				CLANG_WARN_SUSPICIOUS_MOVE = YES;
				CLANG_WARN_UNGUARDED_AVAILABILITY = YES_AGGRESSIVE;
				CLANG_WARN_UNREACHABLE_CODE = YES;
				CLANG_WARN__DUPLICATE_METHOD_MATCH = YES;
				CODE_SIGN_IDENTITY = "iPhone Developer";
				COPY_PHASE_STRIP = NO;
				DEBUG_INFORMATION_FORMAT = dwarf;
				ENABLE_STRICT_OBJC_MSGSEND = YES;
				ENABLE_TESTABILITY = YES;
				GCC_C_LANGUAGE_STANDARD = gnu11;
				GCC_DYNAMIC_NO_PIC = NO;
				GCC_NO_COMMON_BLOCKS = YES;
				GCC_OPTIMIZATION_LEVEL = 0;
				GCC_PREPROCESSOR_DEFINITIONS = (
					"DEBUG=1",
					"$(inherited)",
				);
				GCC_WARN_64_TO_32_BIT_CONVERSION = YES;
				GCC_WARN_ABOUT_RETURN_TYPE = YES_ERROR;
				GCC_WARN_UNDECLARED_SELECTOR = YES;
				GCC_WARN_UNINITIALIZED_AUTOS = YES_AGGRESSIVE;
				GCC_WARN_UNUSED_FUNCTION = YES;
				GCC_WARN_UNUSED_VARIABLE = YES;
				IPHONEOS_DEPLOYMENT_TARGET = 11.2;
				MTL_ENABLE_DEBUG_INFO = YES;
				ONLY_ACTIVE_ARCH = YES;
				SDKROOT = iphoneos;
			};
			name = Debug;
		};
		E4A63E3320B3F7BE001070D3 /* Release */ = {
			isa = XCBuildConfiguration;
			buildSettings = {
				ALWAYS_SEARCH_USER_PATHS = NO;
				CLANG_ANALYZER_NONNULL = YES;
				CLANG_ANALYZER_NUMBER_OBJECT_CONVERSION = YES_AGGRESSIVE;
				CLANG_CXX_LANGUAGE_STANDARD = "gnu++14";
				CLANG_CXX_LIBRARY = "libc++";
				CLANG_ENABLE_MODULES = YES;
				CLANG_ENABLE_OBJC_ARC = YES;
				CLANG_WARN_BLOCK_CAPTURE_AUTORELEASING = YES;
				CLANG_WARN_BOOL_CONVERSION = YES;
				CLANG_WARN_COMMA = YES;
				CLANG_WARN_CONSTANT_CONVERSION = YES;
				CLANG_WARN_DIRECT_OBJC_ISA_USAGE = YES_ERROR;
				CLANG_WARN_DOCUMENTATION_COMMENTS = YES;
				CLANG_WARN_EMPTY_BODY = YES;
				CLANG_WARN_ENUM_CONVERSION = YES;
				CLANG_WARN_INFINITE_RECURSION = YES;
				CLANG_WARN_INT_CONVERSION = YES;
				CLANG_WARN_NON_LITERAL_NULL_CONVERSION = YES;
				CLANG_WARN_OBJC_LITERAL_CONVERSION = YES;
				CLANG_WARN_OBJC_ROOT_CLASS = YES_ERROR;
				CLANG_WARN_RANGE_LOOP_ANALYSIS = YES;
				CLANG_WARN_STRICT_PROTOTYPES = YES;
				CLANG_WARN_SUSPICIOUS_MOVE = YES;
				CLANG_WARN_UNGUARDED_AVAILABILITY = YES_AGGRESSIVE;
				CLANG_WARN_UNREACHABLE_CODE = YES;
				CLANG_WARN__DUPLICATE_METHOD_MATCH = YES;
				CODE_SIGN_IDENTITY = "iPhone Developer";
				COPY_PHASE_STRIP = NO;
				DEBUG_INFORMATION_FORMAT = "dwarf-with-dsym";
				ENABLE_NS_ASSERTIONS = NO;
				ENABLE_STRICT_OBJC_MSGSEND = YES;
				GCC_C_LANGUAGE_STANDARD = gnu11;
				GCC_NO_COMMON_BLOCKS = YES;
				GCC_WARN_64_TO_32_BIT_CONVERSION = YES;
				GCC_WARN_ABOUT_RETURN_TYPE = YES_ERROR;
				GCC_WARN_UNDECLARED_SELECTOR = YES;
				GCC_WARN_UNINITIALIZED_AUTOS = YES_AGGRESSIVE;
				GCC_WARN_UNUSED_FUNCTION = YES;
				GCC_WARN_UNUSED_VARIABLE = YES;
				IPHONEOS_DEPLOYMENT_TARGET = 11.2;
				MTL_ENABLE_DEBUG_INFO = NO;
				SDKROOT = iphoneos;
				VALIDATE_PRODUCT = YES;
			};
			name = Release;
		};
		E4A63E3520B3F7BE001070D3 /* Debug */ = {
			isa = XCBuildConfiguration;
			buildSettings = {
				ASSETCATALOG_COMPILER_APPICON_NAME = AppIcon;
				CODE_SIGN_STYLE = Automatic;
				DEVELOPMENT_TEAM = 396YGDR2AV;
				GCC_PREFIX_HEADER = "/Users/VIVILIA/Library/Autosave Information/WYCollectionView/WYCollectionView/PrefixHeader.pch";
				INFOPLIST_FILE = WYCollectionView/Info.plist;
				LD_RUNPATH_SEARCH_PATHS = "$(inherited) @executable_path/Frameworks";
				PRODUCT_BUNDLE_IDENTIFIER = com.WYCollectionView;
				PRODUCT_NAME = "$(TARGET_NAME)";
				TARGETED_DEVICE_FAMILY = "1,2";
			};
			name = Debug;
		};
		E4A63E3620B3F7BE001070D3 /* Release */ = {
			isa = XCBuildConfiguration;
			buildSettings = {
				ASSETCATALOG_COMPILER_APPICON_NAME = AppIcon;
				CODE_SIGN_STYLE = Automatic;
				DEVELOPMENT_TEAM = 396YGDR2AV;
				GCC_PREFIX_HEADER = "/Users/VIVILIA/Library/Autosave Information/WYCollectionView/WYCollectionView/PrefixHeader.pch";
				INFOPLIST_FILE = WYCollectionView/Info.plist;
				LD_RUNPATH_SEARCH_PATHS = "$(inherited) @executable_path/Frameworks";
				PRODUCT_BUNDLE_IDENTIFIER = com.WYCollectionView;
				PRODUCT_NAME = "$(TARGET_NAME)";
				TARGETED_DEVICE_FAMILY = "1,2";
			};
			name = Release;
		};
		E4A63E3820B3F7BE001070D3 /* Debug */ = {
			isa = XCBuildConfiguration;
			buildSettings = {
				BUNDLE_LOADER = "$(TEST_HOST)";
				CODE_SIGN_STYLE = Automatic;
				DEVELOPMENT_TEAM = 396YGDR2AV;
				INFOPLIST_FILE = WYCollectionViewTests/Info.plist;
				LD_RUNPATH_SEARCH_PATHS = "$(inherited) @executable_path/Frameworks @loader_path/Frameworks";
				PRODUCT_BUNDLE_IDENTIFIER = com.WYCollectionViewTests;
				PRODUCT_NAME = "$(TARGET_NAME)";
				TARGETED_DEVICE_FAMILY = "1,2";
				TEST_HOST = "$(BUILT_PRODUCTS_DIR)/WYCollectionView.app/WYCollectionView";
			};
			name = Debug;
		};
		E4A63E3920B3F7BE001070D3 /* Release */ = {
			isa = XCBuildConfiguration;
			buildSettings = {
				BUNDLE_LOADER = "$(TEST_HOST)";
				CODE_SIGN_STYLE = Automatic;
				DEVELOPMENT_TEAM = 396YGDR2AV;
				INFOPLIST_FILE = WYCollectionViewTests/Info.plist;
				LD_RUNPATH_SEARCH_PATHS = "$(inherited) @executable_path/Frameworks @loader_path/Frameworks";
				PRODUCT_BUNDLE_IDENTIFIER = com.WYCollectionViewTests;
				PRODUCT_NAME = "$(TARGET_NAME)";
				TARGETED_DEVICE_FAMILY = "1,2";
				TEST_HOST = "$(BUILT_PRODUCTS_DIR)/WYCollectionView.app/WYCollectionView";
			};
			name = Release;
		};
		E4A63E3B20B3F7BE001070D3 /* Debug */ = {
			isa = XCBuildConfiguration;
			buildSettings = {
				CODE_SIGN_STYLE = Automatic;
				DEVELOPMENT_TEAM = 396YGDR2AV;
				INFOPLIST_FILE = WYCollectionViewUITests/Info.plist;
				LD_RUNPATH_SEARCH_PATHS = "$(inherited) @executable_path/Frameworks @loader_path/Frameworks";
				PRODUCT_BUNDLE_IDENTIFIER = com.WYCollectionViewUITests;
				PRODUCT_NAME = "$(TARGET_NAME)";
				TARGETED_DEVICE_FAMILY = "1,2";
				TEST_TARGET_NAME = WYCollectionView;
			};
			name = Debug;
		};
		E4A63E3C20B3F7BE001070D3 /* Release */ = {
			isa = XCBuildConfiguration;
			buildSettings = {
				CODE_SIGN_STYLE = Automatic;
				DEVELOPMENT_TEAM = 396YGDR2AV;
				INFOPLIST_FILE = WYCollectionViewUITests/Info.plist;
				LD_RUNPATH_SEARCH_PATHS = "$(inherited) @executable_path/Frameworks @loader_path/Frameworks";
				PRODUCT_BUNDLE_IDENTIFIER = com.WYCollectionViewUITests;
				PRODUCT_NAME = "$(TARGET_NAME)";
				TARGETED_DEVICE_FAMILY = "1,2";
				TEST_TARGET_NAME = WYCollectionView;
			};
			name = Release;
		};
/* End XCBuildConfiguration section */

/* Begin XCConfigurationList section */
		E4A63E0320B3F7BD001070D3 /* Build configuration list for PBXProject "WYCollectionView" */ = {
			isa = XCConfigurationList;
			buildConfigurations = (
				E4A63E3220B3F7BE001070D3 /* Debug */,
				E4A63E3320B3F7BE001070D3 /* Release */,
			);
			defaultConfigurationIsVisible = 0;
			defaultConfigurationName = Release;
		};
		E4A63E3420B3F7BE001070D3 /* Build configuration list for PBXNativeTarget "WYCollectionView" */ = {
			isa = XCConfigurationList;
			buildConfigurations = (
				E4A63E3520B3F7BE001070D3 /* Debug */,
				E4A63E3620B3F7BE001070D3 /* Release */,
			);
			defaultConfigurationIsVisible = 0;
			defaultConfigurationName = Release;
		};
		E4A63E3720B3F7BE001070D3 /* Build configuration list for PBXNativeTarget "WYCollectionViewTests" */ = {
			isa = XCConfigurationList;
			buildConfigurations = (
				E4A63E3820B3F7BE001070D3 /* Debug */,
				E4A63E3920B3F7BE001070D3 /* Release */,
			);
			defaultConfigurationIsVisible = 0;
			defaultConfigurationName = Release;
		};
		E4A63E3A20B3F7BE001070D3 /* Build configuration list for PBXNativeTarget "WYCollectionViewUITests" */ = {
			isa = XCConfigurationList;
			buildConfigurations = (
				E4A63E3B20B3F7BE001070D3 /* Debug */,
				E4A63E3C20B3F7BE001070D3 /* Release */,
			);
			defaultConfigurationIsVisible = 0;
			defaultConfigurationName = Release;
		};
/* End XCConfigurationList section */
	};
	rootObject = E4A63E0020B3F7BD001070D3 /* Project object */;
}
